
Microsoft Visual Studio Solution File, Format Version 12.00
# Visual Studio Version 17
VisualStudioVersion = 17.3.32804.467
MinimumVisualStudioVersion = 10.0.40219.1
Project("{FAE04EC0-301F-11D3-BF4B-00C04F79EFBC}") = "Authorisation", "Authorisation.csproj", "{93FC26A9-7249-436A-8884-4CE9FCF9C119}"
EndProject
Global
	GlobalSection(SolutionConfigurationPlatforms) = preSolution
		Debug|Any CPU = Debug|Any CPU
		Release|Any CPU = Release|Any CPU
	EndGlobalSection
	GlobalSection(ProjectConfigurationPlatforms) = postSolution
		{93FC26A9-7249-436A-8884-4CE9FCF9C119}.Debug|Any CPU.ActiveCfg = Debug|Any CPU
		{93FC26A9-7249-436A-8884-4CE9FCF9C119}.Debug|Any CPU.Build.0 = Debug|Any CPU
		{93FC26A9-7249-436A-8884-4CE9FCF9C119}.Release|Any CPU.ActiveCfg = Release|Any CPU
		{93FC26A9-7249-436A-8884-4CE9FCF9C119}.Release|Any CPU.Build.0 = Release|Any CPU
	EndGlobalSection
	GlobalSection(SolutionProperties) = preSolution
		HideSolutionNode = FALSE
	EndGlobalSection
	GlobalSection(ExtensibilityGlobals) = postSolution
		SolutionGuid = {19903A7F-72DF-4ED1-85BC-B0EF1813EB25}
	EndGlobalSection
EndGlobal
